<Solution>
  <Folder Name="/Task0/">
    <Project Path="Tyuiu.ErmolaevEO.Sprint1.Task0.V22.Lib/Tyuiu.ErmolaevEO.Sprint1.Task0.V22.Lib.csproj" />
    <Project Path="Tyuiu.ErmolaevEO.Sprint1.Task0.V22.Test/Tyuiu.ErmolaevEO.Sprint1.Task0.V22.Test.csproj" />
    <Project Path="Tyuiu.ErmolaevEO.Sprint1.Task0.V22/Tyuiu.ErmolaevEO.Sprint1.Task0.V22.csproj" />
  </Folder>
  <Folder Name="/Task1/">
    <Project Path="Tyuiu.ErmolaevEO.Sprint1.Task1.V28.Lib/Tyuiu.ErmolaevEO.Sprint1.Task1.V28.Lib.csproj" Id="98812d1e-857a-4ec7-a8a3-03010747078d" />
    <Project Path="Tyuiu.ErmolaevEO.Sprint1.Task1.V28.Test/Tyuiu.ErmolaevEO.Sprint1.Task1.V28.Test.csproj" Id="1c3dee75-4628-44b8-984e-673f2fbbdbe1" />
    <Project Path="Tyuiu.ErmolaevEO.Sprint1.Task1.V28/Tyuiu.ErmolaevEO.Sprint1.Task1.V28.csproj" Id="f8b47f84-bf87-4bf2-bc76-e9153f56dfe0" />
  </Folder>
</Solution>
